
Microsoft Visual Studio Solution File, Format Version 12.00
# Visual Studio Version 17
VisualStudioVersion = 17.13.35931.197 d17.13
MinimumVisualStudioVersion = 10.0.40219.1
Project("{FAE04EC0-301F-11D3-BF4B-00C04F79EFBC}") = "ilTasıma", "ilTasıma\ilTasıma.csproj", "{99F8461D-5A6D-4C6B-8D4C-7927A4B5FB23}"
EndProject
Global
	GlobalSection(SolutionConfigurationPlatforms) = preSolution
		Debug|Any CPU = Debug|Any CPU
		Release|Any CPU = Release|Any CPU
	EndGlobalSection
	GlobalSection(ProjectConfigurationPlatforms) = postSolution
		{99F8461D-5A6D-4C6B-8D4C-7927A4B5FB23}.Debug|Any CPU.ActiveCfg = Debug|Any CPU
		{99F8461D-5A6D-4C6B-8D4C-7927A4B5FB23}.Debug|Any CPU.Build.0 = Debug|Any CPU
		{99F8461D-5A6D-4C6B-8D4C-7927A4B5FB23}.Release|Any CPU.ActiveCfg = Release|Any CPU
		{99F8461D-5A6D-4C6B-8D4C-7927A4B5FB23}.Release|Any CPU.Build.0 = Release|Any CPU
	EndGlobalSection
	GlobalSection(SolutionProperties) = preSolution
		HideSolutionNode = FALSE
	EndGlobalSection
	GlobalSection(ExtensibilityGlobals) = postSolution
		SolutionGuid = {4DE51E94-85C5-41A1-940A-6EE0DD6C8011}
	EndGlobalSection
EndGlobal
